
Microsoft Visual Studio Solution File, Format Version 12.00
# Visual Studio 2013
VisualStudioVersion = 12.0.21005.1
MinimumVisualStudioVersion = 10.0.40219.1
Project("{FAE04EC0-301F-11D3-BF4B-00C04F79EFBC}") = "SchoolOrganization", "SchoolOrganization\SchoolOrganization.csproj", "{C7466CA7-B3AE-4FF4-996E-1EAA13F8B0A8}"
EndProject
Project("{FAE04EC0-301F-11D3-BF4B-00C04F79EFBC}") = "TestSchool", "TestSchool\TestSchool.csproj", "{12B73303-E95C-4329-9534-26C850741F5C}"
EndProject
Global
	GlobalSection(SolutionConfigurationPlatforms) = preSolution
		Debug|Any CPU = Debug|Any CPU
		Release|Any CPU = Release|Any CPU
	EndGlobalSection
	GlobalSection(ProjectConfigurationPlatforms) = postSolution
		{C7466CA7-B3AE-4FF4-996E-1EAA13F8B0A8}.Debug|Any CPU.ActiveCfg = Debug|Any CPU
		{C7466CA7-B3AE-4FF4-996E-1EAA13F8B0A8}.Debug|Any CPU.Build.0 = Debug|Any CPU
		{C7466CA7-B3AE-4FF4-996E-1EAA13F8B0A8}.Release|Any CPU.ActiveCfg = Release|Any CPU
		{C7466CA7-B3AE-4FF4-996E-1EAA13F8B0A8}.Release|Any CPU.Build.0 = Release|Any CPU
		{12B73303-E95C-4329-9534-26C850741F5C}.Debug|Any CPU.ActiveCfg = Debug|Any CPU
		{12B73303-E95C-4329-9534-26C850741F5C}.Debug|Any CPU.Build.0 = Debug|Any CPU
		{12B73303-E95C-4329-9534-26C850741F5C}.Release|Any CPU.ActiveCfg = Release|Any CPU
		{12B73303-E95C-4329-9534-26C850741F5C}.Release|Any CPU.Build.0 = Release|Any CPU
	EndGlobalSection
	GlobalSection(SolutionProperties) = preSolution
		HideSolutionNode = FALSE
	EndGlobalSection
EndGlobal
